// !$*UTF8*$!
{
	archiveVersion = 1;
	classes = {
	};
	objectVersion = 56;
	objects = {

/* Begin PBXBuildFile section */
		1D36306F2F188F210071D131 /* Localizable.strings in Resources */ = {isa = PBXBuildFile; fileRef = 1D36306D2F188F210071D131 /* Localizable.strings */; };
		1D3630772F188FBE0071D131 /* FontGroup.swift in Sources */ = {isa = PBXBuildFile; fileRef = 1D3630712F188FBE0071D131 /* FontGroup.swift */; };
		1D3630792F188FBE0071D131 /* LocalizedHelper.swift in Sources */ = {isa = PBXBuildFile; fileRef = 1D3630732F188FBE0071D131 /* LocalizedHelper.swift */; };
		1D36307B2F188FBE0071D131 /* WebService.swift in Sources */ = {isa = PBXBuildFile; fileRef = 1D3630752F188FBE0071D131 /* WebService.swift */; };
		1D36308C2F188FC60071D131 /* UIImage.swift in Sources */ = {isa = PBXBuildFile; fileRef = 1D3630812F188FC60071D131 /* UIImage.swift */; };
		1D36308D2F188FC60071D131 /* UILabel.swift in Sources */ = {isa = PBXBuildFile; fileRef = 1D3630822F188FC60071D131 /* UILabel.swift */; };
		1D3630902F188FC60071D131 /* UIViewController.swift in Sources */ = {isa = PBXBuildFile; fileRef = 1D3630852F188FC60071D131 /* UIViewController.swift */; };
		1D67ABD02F8CEB2B00EFBEC6 /* PetInformationViewModel.swift in Sources */ = {isa = PBXBuildFile; fileRef = 1D67ABCF2F8CEB2B00EFBEC6 /* PetInformationViewModel.swift */; };
		1D6CFD902F751C3A004ADF0E /* UIScreen.swift in Sources */ = {isa = PBXBuildFile; fileRef = 1D6CFD8F2F751C3A004ADF0E /* UIScreen.swift */; };
		1D6CFD922F752B58004ADF0E /* LoadingView.swift in Sources */ = {isa = PBXBuildFile; fileRef = 1D6CFD912F752B58004ADF0E /* LoadingView.swift */; };
		1D6CFD952F753656004ADF0E /* PetInformationViewController.swift in Sources */ = {isa = PBXBuildFile; fileRef = 1D6CFD942F753656004ADF0E /* PetInformationViewController.swift */; };
		1D6EA5512F90D6F200E3FA63 /* SummaryCardView.swift in Sources */ = {isa = PBXBuildFile; fileRef = 1D6EA5502F90D6F200E3FA63 /* SummaryCardView.swift */; };
		1D6EA5532F90DCD200E3FA63 /* BadgeLabel.swift in Sources */ = {isa = PBXBuildFile; fileRef = 1D6EA5522F90DCD200E3FA63 /* BadgeLabel.swift */; };
		1D6F54782F724320005DA616 /* ReusableView.swift in Sources */ = {isa = PBXBuildFile; fileRef = 1D6F54772F724320005DA616 /* ReusableView.swift */; };
		1D6F547A2F725A72005DA616 /* UITableViewCell.swift in Sources */ = {isa = PBXBuildFile; fileRef = 1D6F54792F725A72005DA616 /* UITableViewCell.swift */; };
		1D6F547C2F725AED005DA616 /* UICollectionViewCell.swift in Sources */ = {isa = PBXBuildFile; fileRef = 1D6F547B2F725AED005DA616 /* UICollectionViewCell.swift */; };
		1D6F547E2F725F2F005DA616 /* UITableView.swift in Sources */ = {isa = PBXBuildFile; fileRef = 1D6F547D2F725F2F005DA616 /* UITableView.swift */; };
		1D6F54802F726026005DA616 /* UICollectionView.swift in Sources */ = {isa = PBXBuildFile; fileRef = 1D6F547F2F726026005DA616 /* UICollectionView.swift */; };
		1D6F54822F729380005DA616 /* PetListItemViewModel.swift in Sources */ = {isa = PBXBuildFile; fileRef = 1D6F54812F729380005DA616 /* PetListItemViewModel.swift */; };
		1D6FA32D2F6400C30075D942 /* ImageLoader.swift in Sources */ = {isa = PBXBuildFile; fileRef = 1D6FA32C2F6400C30075D942 /* ImageLoader.swift */; };
		1D7099922F8F7EA9009C4B4A /* PetInformationViewData.swift in Sources */ = {isa = PBXBuildFile; fileRef = 1D7099912F8F7EA9009C4B4A /* PetInformationViewData.swift */; };
		1D709F182F921E5400DBB0B3 /* StatusCardView.swift in Sources */ = {isa = PBXBuildFile; fileRef = 1D709F172F921E5400DBB0B3 /* StatusCardView.swift */; };
		1D7108F62F986AD300E15C61 /* IconTitleValueView.swift in Sources */ = {isa = PBXBuildFile; fileRef = 1D7108F52F986AD300E15C61 /* IconTitleValueView.swift */; };
		1D7108F82F9884DA00E15C61 /* BottomActionView.swift in Sources */ = {isa = PBXBuildFile; fileRef = 1D7108F72F9884DA00E15C61 /* BottomActionView.swift */; };
		1D7108FA2F98862800E15C61 /* ShelterCardView.swift in Sources */ = {isa = PBXBuildFile; fileRef = 1D7108F92F98862800E15C61 /* ShelterCardView.swift */; };
		1D7108FC2F9895CA00E15C61 /* PetInfoCardContainerView.swift in Sources */ = {isa = PBXBuildFile; fileRef = 1D7108FB2F9895CA00E15C61 /* PetInfoCardContainerView.swift */; };
		1D7108FE2F98A4E000E15C61 /* NoteCardView.swift in Sources */ = {isa = PBXBuildFile; fileRef = 1D7108FD2F98A4E000E15C61 /* NoteCardView.swift */; };
		1D71A8472F1F6C8C00C9149C /* WebServiceHelper.swift in Sources */ = {isa = PBXBuildFile; fileRef = 1D71A8462F1F6C8C00C9149C /* WebServiceHelper.swift */; };
		1D8AD1AF2F850C36005026DC /* CategoryItem.swift in Sources */ = {isa = PBXBuildFile; fileRef = 1D8AD1AE2F850C36005026DC /* CategoryItem.swift */; };
		1D8AD1B12F850C54005026DC /* CategoryItemViewModel.swift in Sources */ = {isa = PBXBuildFile; fileRef = 1D8AD1B02F850C54005026DC /* CategoryItemViewModel.swift */; };
		1D8AD1B32F8635D1005026DC /* PetDataMockJSON.json in Resources */ = {isa = PBXBuildFile; fileRef = 1D8AD1B22F8635D1005026DC /* PetDataMockJSON.json */; };
		1D8AD1B52F8639A6005026DC /* MockLoader.swift in Sources */ = {isa = PBXBuildFile; fileRef = 1D8AD1B42F8639A6005026DC /* MockLoader.swift */; };
		1D91FA6E2F975EEE0071E8B3 /* InfoCardView.swift in Sources */ = {isa = PBXBuildFile; fileRef = 1D91FA6D2F975EEE0071E8B3 /* InfoCardView.swift */; };
		1D91FA762F976A790071E8B3 /* InfoRowView.swift in Sources */ = {isa = PBXBuildFile; fileRef = 1D91FA752F976A790071E8B3 /* InfoRowView.swift */; };
		1D91FA782F977E510071E8B3 /* InfoColumnView.swift in Sources */ = {isa = PBXBuildFile; fileRef = 1D91FA772F977E510071E8B3 /* InfoColumnView.swift */; };
		1DAFC5702F2CA2D7009369E1 /* APIEnvironment.swift in Sources */ = {isa = PBXBuildFile; fileRef = 1DAFC56F2F2CA2D7009369E1 /* APIEnvironment.swift */; };
		1DAFC5732F2CA32B009369E1 /* EnvironmentManager.swift in Sources */ = {isa = PBXBuildFile; fileRef = 1DAFC5722F2CA32B009369E1 /* EnvironmentManager.swift */; };
		1DAFC5752F2CA40C009369E1 /* ServiceHost.swift in Sources */ = {isa = PBXBuildFile; fileRef = 1DAFC5742F2CA40C009369E1 /* ServiceHost.swift */; };
		1DAFC5772F2CA748009369E1 /* APIEndpoint.swift in Sources */ = {isa = PBXBuildFile; fileRef = 1DAFC5762F2CA748009369E1 /* APIEndpoint.swift */; };
		1DAFC5792F2CA9A6009369E1 /* URLFactory.swift in Sources */ = {isa = PBXBuildFile; fileRef = 1DAFC5782F2CA9A6009369E1 /* URLFactory.swift */; };
		1DAFC57B2F2CB453009369E1 /* StrayAnimalListQuery.swift in Sources */ = {isa = PBXBuildFile; fileRef = 1DAFC57A2F2CB453009369E1 /* StrayAnimalListQuery.swift */; };
		EC2E9EDB2EF9360B002F1E1B /* ListViewModel.swift in Sources */ = {isa = PBXBuildFile; fileRef = EC2E9EDA2EF9360A002F1E1B /* ListViewModel.swift */; };
		EC2E9EDD2EF93797002F1E1B /* PetListItem.swift in Sources */ = {isa = PBXBuildFile; fileRef = EC2E9EDC2EF93797002F1E1B /* PetListItem.swift */; };
		EC4E069E2E62F5AC002B6904 /* ListViewController.swift in Sources */ = {isa = PBXBuildFile; fileRef = EC4E069D2E62F5AC002B6904 /* ListViewController.swift */; };
		EC4E06A32E62F5AD002B6904 /* Assets.xcassets in Resources */ = {isa = PBXBuildFile; fileRef = EC4E06A22E62F5AD002B6904 /* Assets.xcassets */; };
		EC4E06A62E62F5AD002B6904 /* Base in Resources */ = {isa = PBXBuildFile; fileRef = EC4E06A52E62F5AD002B6904 /* Base */; };
		ECDB41102EB9E32900AEB3FB /* SnapKit in Frameworks */ = {isa = PBXBuildFile; productRef = ECDB410F2EB9E32900AEB3FB /* SnapKit */; };
		ECDB41382ED4437A00AEB3FB /* PetData.swift in Sources */ = {isa = PBXBuildFile; fileRef = ECDB41372ED4437A00AEB3FB /* PetData.swift */; };
		ECDB413B2ED4C27300AEB3FB /* AnimalEnum.swift in Sources */ = {isa = PBXBuildFile; fileRef = ECDB413A2ED4C27300AEB3FB /* AnimalEnum.swift */; };
		ECF578182E62F61100F5959F /* README.md in Resources */ = {isa = PBXBuildFile; fileRef = ECF578172E62F61100F5959F /* README.md */; };
		ECF5781B2E63F83C00F5959F /* AppDelegate.swift in Sources */ = {isa = PBXBuildFile; fileRef = EC4E06992E62F5AC002B6904 /* AppDelegate.swift */; };
		ECF5781C2E63F83E00F5959F /* SceneDelegate.swift in Sources */ = {isa = PBXBuildFile; fileRef = EC4E069B2E62F5AC002B6904 /* SceneDelegate.swift */; };
		ECFC6B462F2D379600DC583E /* RequestBuilder.swift in Sources */ = {isa = PBXBuildFile; fileRef = ECFC6B452F2D379600DC583E /* RequestBuilder.swift */; };
		ECFC6B482F2F11E100DC583E /* JSONDecoder.swift in Sources */ = {isa = PBXBuildFile; fileRef = ECFC6B472F2F11E100DC583E /* JSONDecoder.swift */; };
/* End PBXBuildFile section */

/* Begin PBXFileReference section */
		1D36306C2F188D0D0071D131 /* zh-Hant */ = {isa = PBXFileReference; lastKnownFileType = text.plist.strings; name = "zh-Hant"; path = "zh-Hant.lproj/LaunchScreen.strings"; sourceTree = "<group>"; };
		1D36306E2F188F210071D131 /* zh-Hant */ = {isa = PBXFileReference; lastKnownFileType = text.plist.strings; name = "zh-Hant"; path = "zh-Hant.lproj/Localizable.strings"; sourceTree = "<group>"; };
		1D3630702F188F6A0071D131 /* en */ = {isa = PBXFileReference; lastKnownFileType = text.plist.strings; name = en; path = en.lproj/Localizable.strings; sourceTree = "<group>"; };
		1D3630712F188FBE0071D131 /* FontGroup.swift */ = {isa = PBXFileReference; lastKnownFileType = sourcecode.swift; path = FontGroup.swift; sourceTree = "<group>"; };
		1D3630732F188FBE0071D131 /* LocalizedHelper.swift */ = {isa = PBXFileReference; lastKnownFileType = sourcecode.swift; path = LocalizedHelper.swift; sourceTree = "<group>"; };
		1D3630752F188FBE0071D131 /* WebService.swift */ = {isa = PBXFileReference; lastKnownFileType = sourcecode.swift; path = WebService.swift; sourceTree = "<group>"; };
		1D3630812F188FC60071D131 /* UIImage.swift */ = {isa = PBXFileReference; lastKnownFileType = sourcecode.swift; path = UIImage.swift; sourceTree = "<group>"; };
		1D3630822F188FC60071D131 /* UILabel.swift */ = {isa = PBXFileReference; lastKnownFileType = sourcecode.swift; path = UILabel.swift; sourceTree = "<group>"; };
		1D3630852F188FC60071D131 /* UIViewController.swift */ = {isa = PBXFileReference; lastKnownFileType = sourcecode.swift; path = UIViewController.swift; sourceTree = "<group>"; };
		1D67ABCF2F8CEB2B00EFBEC6 /* PetInformationViewModel.swift */ = {isa = PBXFileReference; lastKnownFileType = sourcecode.swift; path = PetInformationViewModel.swift; sourceTree = "<group>"; };
		1D6CFD8F2F751C3A004ADF0E /* UIScreen.swift */ = {isa = PBXFileReference; lastKnownFileType = sourcecode.swift; path = UIScreen.swift; sourceTree = "<group>"; };
		1D6CFD912F752B58004ADF0E /* LoadingView.swift */ = {isa = PBXFileReference; lastKnownFileType = sourcecode.swift; path = LoadingView.swift; sourceTree = "<group>"; };
		1D6CFD942F753656004ADF0E /* PetInformationViewController.swift */ = {isa = PBXFileReference; lastKnownFileType = sourcecode.swift; path = PetInformationViewController.swift; sourceTree = "<group>"; };
		1D6EA5502F90D6F200E3FA63 /* SummaryCardView.swift */ = {isa = PBXFileReference; lastKnownFileType = sourcecode.swift; path = SummaryCardView.swift; sourceTree = "<group>"; };
		1D6EA5522F90DCD200E3FA63 /* BadgeLabel.swift */ = {isa = PBXFileReference; lastKnownFileType = sourcecode.swift; path = BadgeLabel.swift; sourceTree = "<group>"; };
		1D6F54772F724320005DA616 /* ReusableView.swift */ = {isa = PBXFileReference; lastKnownFileType = sourcecode.swift; path = ReusableView.swift; sourceTree = "<group>"; };
		1D6F54792F725A72005DA616 /* UITableViewCell.swift */ = {isa = PBXFileReference; lastKnownFileType = sourcecode.swift; path = UITableViewCell.swift; sourceTree = "<group>"; };
		1D6F547B2F725AED005DA616 /* UICollectionViewCell.swift */ = {isa = PBXFileReference; lastKnownFileType = sourcecode.swift; path = UICollectionViewCell.swift; sourceTree = "<group>"; };
		1D6F547D2F725F2F005DA616 /* UITableView.swift */ = {isa = PBXFileReference; lastKnownFileType = sourcecode.swift; path = UITableView.swift; sourceTree = "<group>"; };
		1D6F547F2F726026005DA616 /* UICollectionView.swift */ = {isa = PBXFileReference; lastKnownFileType = sourcecode.swift; path = UICollectionView.swift; sourceTree = "<group>"; };
		1D6F54812F729380005DA616 /* PetListItemViewModel.swift */ = {isa = PBXFileReference; lastKnownFileType = sourcecode.swift; path = PetListItemViewModel.swift; sourceTree = "<group>"; };
		1D6FA32C2F6400C30075D942 /* ImageLoader.swift */ = {isa = PBXFileReference; lastKnownFileType = sourcecode.swift; path = ImageLoader.swift; sourceTree = "<group>"; };
		1D7099912F8F7EA9009C4B4A /* PetInformationViewData.swift */ = {isa = PBXFileReference; lastKnownFileType = sourcecode.swift; path = PetInformationViewData.swift; sourceTree = "<group>"; };
		1D709F172F921E5400DBB0B3 /* StatusCardView.swift */ = {isa = PBXFileReference; lastKnownFileType = sourcecode.swift; path = StatusCardView.swift; sourceTree = "<group>"; };
		1D7108F52F986AD300E15C61 /* IconTitleValueView.swift */ = {isa = PBXFileReference; lastKnownFileType = sourcecode.swift; path = IconTitleValueView.swift; sourceTree = "<group>"; };
		1D7108F72F9884DA00E15C61 /* BottomActionView.swift */ = {isa = PBXFileReference; lastKnownFileType = sourcecode.swift; path = BottomActionView.swift; sourceTree = "<group>"; };
		1D7108F92F98862800E15C61 /* ShelterCardView.swift */ = {isa = PBXFileReference; lastKnownFileType = sourcecode.swift; path = ShelterCardView.swift; sourceTree = "<group>"; };
		1D7108FB2F9895CA00E15C61 /* PetInfoCardContainerView.swift */ = {isa = PBXFileReference; lastKnownFileType = sourcecode.swift; path = PetInfoCardContainerView.swift; sourceTree = "<group>"; };
		1D7108FD2F98A4E000E15C61 /* NoteCardView.swift */ = {isa = PBXFileReference; lastKnownFileType = sourcecode.swift; path = NoteCardView.swift; sourceTree = "<group>"; };
		1D71A8462F1F6C8C00C9149C /* WebServiceHelper.swift */ = {isa = PBXFileReference; lastKnownFileType = sourcecode.swift; path = WebServiceHelper.swift; sourceTree = "<group>"; };
		1D8AD1AE2F850C36005026DC /* CategoryItem.swift */ = {isa = PBXFileReference; lastKnownFileType = sourcecode.swift; path = CategoryItem.swift; sourceTree = "<group>"; };
		1D8AD1B02F850C54005026DC /* CategoryItemViewModel.swift */ = {isa = PBXFileReference; lastKnownFileType = sourcecode.swift; path = CategoryItemViewModel.swift; sourceTree = "<group>"; };
		1D8AD1B22F8635D1005026DC /* PetDataMockJSON.json */ = {isa = PBXFileReference; lastKnownFileType = text.json; path = PetDataMockJSON.json; sourceTree = "<group>"; };
		1D8AD1B42F8639A6005026DC /* MockLoader.swift */ = {isa = PBXFileReference; lastKnownFileType = sourcecode.swift; path = MockLoader.swift; sourceTree = "<group>"; };
		1D91FA6D2F975EEE0071E8B3 /* InfoCardView.swift */ = {isa = PBXFileReference; lastKnownFileType = sourcecode.swift; path = InfoCardView.swift; sourceTree = "<group>"; };
		1D91FA752F976A790071E8B3 /* InfoRowView.swift */ = {isa = PBXFileReference; lastKnownFileType = sourcecode.swift; path = InfoRowView.swift; sourceTree = "<group>"; };
		1D91FA772F977E510071E8B3 /* InfoColumnView.swift */ = {isa = PBXFileReference; lastKnownFileType = sourcecode.swift; path = InfoColumnView.swift; sourceTree = "<group>"; };
		1DAFC56F2F2CA2D7009369E1 /* APIEnvironment.swift */ = {isa = PBXFileReference; lastKnownFileType = sourcecode.swift; path = APIEnvironment.swift; sourceTree = "<group>"; };
		1DAFC5722F2CA32B009369E1 /* EnvironmentManager.swift */ = {isa = PBXFileReference; lastKnownFileType = sourcecode.swift; path = EnvironmentManager.swift; sourceTree = "<group>"; };
		1DAFC5742F2CA40C009369E1 /* ServiceHost.swift */ = {isa = PBXFileReference; lastKnownFileType = sourcecode.swift; path = ServiceHost.swift; sourceTree = "<group>"; };
		1DAFC5762F2CA748009369E1 /* APIEndpoint.swift */ = {isa = PBXFileReference; lastKnownFileType = sourcecode.swift; path = APIEndpoint.swift; sourceTree = "<group>"; };
		1DAFC5782F2CA9A6009369E1 /* URLFactory.swift */ = {isa = PBXFileReference; lastKnownFileType = sourcecode.swift; path = URLFactory.swift; sourceTree = "<group>"; };
		1DAFC57A2F2CB453009369E1 /* StrayAnimalListQuery.swift */ = {isa = PBXFileReference; lastKnownFileType = sourcecode.swift; path = StrayAnimalListQuery.swift; sourceTree = "<group>"; };
		EC2E9EDA2EF9360A002F1E1B /* ListViewModel.swift */ = {isa = PBXFileReference; lastKnownFileType = sourcecode.swift; path = ListViewModel.swift; sourceTree = "<group>"; };
		EC2E9EDC2EF93797002F1E1B /* PetListItem.swift */ = {isa = PBXFileReference; lastKnownFileType = sourcecode.swift; path = PetListItem.swift; sourceTree = "<group>"; };
		EC4E06962E62F5AC002B6904 /* StrayAnimals.app */ = {isa = PBXFileReference; explicitFileType = wrapper.application; includeInIndex = 0; path = StrayAnimals.app; sourceTree = BUILT_PRODUCTS_DIR; };
		EC4E06992E62F5AC002B6904 /* AppDelegate.swift */ = {isa = PBXFileReference; lastKnownFileType = sourcecode.swift; path = AppDelegate.swift; sourceTree = "<group>"; };
		EC4E069B2E62F5AC002B6904 /* SceneDelegate.swift */ = {isa = PBXFileReference; lastKnownFileType = sourcecode.swift; path = SceneDelegate.swift; sourceTree = "<group>"; };
		EC4E069D2E62F5AC002B6904 /* ListViewController.swift */ = {isa = PBXFileReference; lastKnownFileType = sourcecode.swift; path = ListViewController.swift; sourceTree = "<group>"; };
		EC4E06A22E62F5AD002B6904 /* Assets.xcassets */ = {isa = PBXFileReference; lastKnownFileType = folder.assetcatalog; path = Assets.xcassets; sourceTree = "<group>"; };
		EC4E06A52E62F5AD002B6904 /* Base */ = {isa = PBXFileReference; lastKnownFileType = file.storyboard; name = Base; path = Base.lproj/LaunchScreen.storyboard; sourceTree = "<group>"; };
		EC4E06A72E62F5AD002B6904 /* Info.plist */ = {isa = PBXFileReference; lastKnownFileType = text.plist.xml; path = Info.plist; sourceTree = "<group>"; };
		ECDB41372ED4437A00AEB3FB /* PetData.swift */ = {isa = PBXFileReference; lastKnownFileType = sourcecode.swift; path = PetData.swift; sourceTree = "<group>"; };
		ECDB413A2ED4C27300AEB3FB /* AnimalEnum.swift */ = {isa = PBXFileReference; lastKnownFileType = sourcecode.swift; path = AnimalEnum.swift; sourceTree = "<group>"; };
		ECF578172E62F61100F5959F /* README.md */ = {isa = PBXFileReference; fileEncoding = 4; lastKnownFileType = net.daringfireball.markdown; path = README.md; sourceTree = SOURCE_ROOT; };
		ECFC6B452F2D379600DC583E /* RequestBuilder.swift */ = {isa = PBXFileReference; lastKnownFileType = sourcecode.swift; path = RequestBuilder.swift; sourceTree = "<group>"; };
		ECFC6B472F2F11E100DC583E /* JSONDecoder.swift */ = {isa = PBXFileReference; lastKnownFileType = sourcecode.swift; path = JSONDecoder.swift; sourceTree = "<group>"; };
/* End PBXFileReference section */

/* Begin PBXFrameworksBuildPhase section */
		EC4E06932E62F5AC002B6904 /* Frameworks */ = {
			isa = PBXFrameworksBuildPhase;
			buildActionMask = 2147483647;
			files = (
				ECDB41102EB9E32900AEB3FB /* SnapKit in Frameworks */,
			);
			runOnlyForDeploymentPostprocessing = 0;
		};
/* End PBXFrameworksBuildPhase section */

/* Begin PBXGroup section */
		1D3630762F188FBE0071D131 /* Utilities */ = {
			isa = PBXGroup;
			children = (
				1D3630712F188FBE0071D131 /* FontGroup.swift */,
				1D3630732F188FBE0071D131 /* LocalizedHelper.swift */,
				1D6F54772F724320005DA616 /* ReusableView.swift */,
				1D6CFD912F752B58004ADF0E /* LoadingView.swift */,
				1D6EA5522F90DCD200E3FA63 /* BadgeLabel.swift */,
				1D7108F52F986AD300E15C61 /* IconTitleValueView.swift */,
			);
			path = Utilities;
			sourceTree = "<group>";
		};
		1D3630862F188FC60071D131 /* Extensions */ = {
			isa = PBXGroup;
			children = (
				1D6CFD8F2F751C3A004ADF0E /* UIScreen.swift */,
				1D3630812F188FC60071D131 /* UIImage.swift */,
				1D3630822F188FC60071D131 /* UILabel.swift */,
				1D3630852F188FC60071D131 /* UIViewController.swift */,
				ECFC6B472F2F11E100DC583E /* JSONDecoder.swift */,
				1D6F547D2F725F2F005DA616 /* UITableView.swift */,
				1D6F54792F725A72005DA616 /* UITableViewCell.swift */,
				1D6F547F2F726026005DA616 /* UICollectionView.swift */,
				1D6F547B2F725AED005DA616 /* UICollectionViewCell.swift */,
			);
			path = Extensions;
			sourceTree = "<group>";
		};
		1D3630912F1896C70071D131 /* WebService */ = {
			isa = PBXGroup;
			children = (
				1DAFC5712F2CA30E009369E1 /* NetWork */,
				1D3630752F188FBE0071D131 /* WebService.swift */,
				1D6FA32C2F6400C30075D942 /* ImageLoader.swift */,
				1D71A8462F1F6C8C00C9149C /* WebServiceHelper.swift */,
			);
			path = WebService;
			sourceTree = "<group>";
		};
		1D6CFD932F75362D004ADF0E /* ListView */ = {
			isa = PBXGroup;
			children = (
				EC4E069D2E62F5AC002B6904 /* ListViewController.swift */,
				EC2E9EDA2EF9360A002F1E1B /* ListViewModel.swift */,
				1D8AD1AE2F850C36005026DC /* CategoryItem.swift */,
				1D8AD1B02F850C54005026DC /* CategoryItemViewModel.swift */,
				EC2E9EDC2EF93797002F1E1B /* PetListItem.swift */,
				1D6F54812F729380005DA616 /* PetListItemViewModel.swift */,
			);
			path = ListView;
			sourceTree = "<group>";
		};
		1D6CFD962F75365A004ADF0E /* PetInformationView */ = {
			isa = PBXGroup;
			children = (
				1D6CFD942F753656004ADF0E /* PetInformationViewController.swift */,
				1D7099912F8F7EA9009C4B4A /* PetInformationViewData.swift */,
				1D67ABCF2F8CEB2B00EFBEC6 /* PetInformationViewModel.swift */,
				1D7108FB2F9895CA00E15C61 /* PetInfoCardContainerView.swift */,
				1D6EA5502F90D6F200E3FA63 /* SummaryCardView.swift */,
				1D709F172F921E5400DBB0B3 /* StatusCardView.swift */,
				1D91FA6D2F975EEE0071E8B3 /* InfoCardView.swift */,
				1D91FA772F977E510071E8B3 /* InfoColumnView.swift */,
				1D91FA752F976A790071E8B3 /* InfoRowView.swift */,
				1D7108F92F98862800E15C61 /* ShelterCardView.swift */,
				1D7108FD2F98A4E000E15C61 /* NoteCardView.swift */,
				1D7108F72F9884DA00E15C61 /* BottomActionView.swift */,
			);
			path = PetInformationView;
			sourceTree = "<group>";
		};
		1D8AD1B62F8639C0005026DC /* Mock */ = {
			isa = PBXGroup;
			children = (
				1D8AD1B42F8639A6005026DC /* MockLoader.swift */,
				1D8AD1B22F8635D1005026DC /* PetDataMockJSON.json */,
			);
			path = Mock;
			sourceTree = "<group>";
		};
		1DAFC5712F2CA30E009369E1 /* NetWork */ = {
			isa = PBXGroup;
			children = (
				1DAFC57C2F2CB477009369E1 /* Query */,
				1DAFC56F2F2CA2D7009369E1 /* APIEnvironment.swift */,
				1DAFC5722F2CA32B009369E1 /* EnvironmentManager.swift */,
				1DAFC5742F2CA40C009369E1 /* ServiceHost.swift */,
				1DAFC5762F2CA748009369E1 /* APIEndpoint.swift */,
				1DAFC5782F2CA9A6009369E1 /* URLFactory.swift */,
				ECFC6B452F2D379600DC583E /* RequestBuilder.swift */,
			);
			path = NetWork;
			sourceTree = "<group>";
		};
		1DAFC57C2F2CB477009369E1 /* Query */ = {
			isa = PBXGroup;
			children = (
				1DAFC57A2F2CB453009369E1 /* StrayAnimalListQuery.swift */,
			);
			path = Query;
			sourceTree = "<group>";
		};
		EC4E068D2E62F5AC002B6904 = {
			isa = PBXGroup;
			children = (
				ECF578172E62F61100F5959F /* README.md */,
				EC4E06982E62F5AC002B6904 /* StrayAnimals */,
				EC4E06972E62F5AC002B6904 /* Products */,
			);
			sourceTree = "<group>";
		};
		EC4E06972E62F5AC002B6904 /* Products */ = {
			isa = PBXGroup;
			children = (
				EC4E06962E62F5AC002B6904 /* StrayAnimals.app */,
			);
			name = Products;
			sourceTree = "<group>";
		};
		EC4E06982E62F5AC002B6904 /* StrayAnimals */ = {
			isa = PBXGroup;
			children = (
				EC4E06992E62F5AC002B6904 /* AppDelegate.swift */,
				EC4E069B2E62F5AC002B6904 /* SceneDelegate.swift */,
				EC4E06A22E62F5AD002B6904 /* Assets.xcassets */,
				EC4E06A42E62F5AD002B6904 /* LaunchScreen.storyboard */,
				EC4E06A72E62F5AD002B6904 /* Info.plist */,
				1D36306D2F188F210071D131 /* Localizable.strings */,
				1D3630912F1896C70071D131 /* WebService */,
				ECDB429A2EEA94F900AEB3FB /* Main */,
				1D3630762F188FBE0071D131 /* Utilities */,
				1D3630862F188FC60071D131 /* Extensions */,
				ECDB41392ED4441900AEB3FB /* Model */,
				1D8AD1B62F8639C0005026DC /* Mock */,
			);
			path = StrayAnimals;
			sourceTree = "<group>";
		};
		ECDB41392ED4441900AEB3FB /* Model */ = {
			isa = PBXGroup;
			children = (
				ECDB41372ED4437A00AEB3FB /* PetData.swift */,
				ECDB413A2ED4C27300AEB3FB /* AnimalEnum.swift */,
			);
			path = Model;
			sourceTree = "<group>";
		};
		ECDB429A2EEA94F900AEB3FB /* Main */ = {
			isa = PBXGroup;
			children = (
				1D6CFD932F75362D004ADF0E /* ListView */,
				1D6CFD962F75365A004ADF0E /* PetInformationView */,
			);
			path = Main;
			sourceTree = "<group>";
		};
/* End PBXGroup section */

/* Begin PBXNativeTarget section */
		EC4E06952E62F5AC002B6904 /* StrayAnimals */ = {
			isa = PBXNativeTarget;
			buildConfigurationList = EC4E06AA2E62F5AD002B6904 /* Build configuration list for PBXNativeTarget "StrayAnimals" */;
			buildPhases = (
				EC4E06922E62F5AC002B6904 /* Sources */,
				EC4E06932E62F5AC002B6904 /* Frameworks */,
				EC4E06942E62F5AC002B6904 /* Resources */,
			);
			buildRules = (
			);
			dependencies = (
			);
			name = StrayAnimals;
			productName = StrayAnimals;
			productReference = EC4E06962E62F5AC002B6904 /* StrayAnimals.app */;
			productType = "com.apple.product-type.application";
		};
/* End PBXNativeTarget section */

/* Begin PBXProject section */
		EC4E068E2E62F5AC002B6904 /* Project object */ = {
			isa = PBXProject;
			attributes = {
				BuildIndependentTargetsInParallel = 1;
				LastSwiftUpdateCheck = 1540;
				LastUpgradeCheck = 2620;
				TargetAttributes = {
					EC4E06952E62F5AC002B6904 = {
						CreatedOnToolsVersion = 15.4;
					};
				};
			};
			buildConfigurationList = EC4E06912E62F5AC002B6904 /* Build configuration list for PBXProject "StrayAnimals" */;
			compatibilityVersion = "Xcode 14.0";
			developmentRegion = "zh-Hant";
			hasScannedForEncodings = 0;
			knownRegions = (
				en,
				Base,
				"zh-Hant",
			);
			mainGroup = EC4E068D2E62F5AC002B6904;
			packageReferences = (
				ECDB410E2EB9E32900AEB3FB /* XCRemoteSwiftPackageReference "SnapKit" */,
			);
			productRefGroup = EC4E06972E62F5AC002B6904 /* Products */;
			projectDirPath = "";
			projectRoot = "";
			targets = (
				EC4E06952E62F5AC002B6904 /* StrayAnimals */,
			);
		};
/* End PBXProject section */

/* Begin PBXResourcesBuildPhase section */
		EC4E06942E62F5AC002B6904 /* Resources */ = {
			isa = PBXResourcesBuildPhase;
			buildActionMask = 2147483647;
			files = (
				1D8AD1B32F8635D1005026DC /* PetDataMockJSON.json in Resources */,
				EC4E06A32E62F5AD002B6904 /* Assets.xcassets in Resources */,
				1D36306F2F188F210071D131 /* Localizable.strings in Resources */,
				EC4E06A62E62F5AD002B6904 /* Base in Resources */,
				ECF578182E62F61100F5959F /* README.md in Resources */,
			);
			runOnlyForDeploymentPostprocessing = 0;
		};
/* End PBXResourcesBuildPhase section */

/* Begin PBXSourcesBuildPhase section */
		EC4E06922E62F5AC002B6904 /* Sources */ = {
			isa = PBXSourcesBuildPhase;
			buildActionMask = 2147483647;
			files = (
				1D709F182F921E5400DBB0B3 /* StatusCardView.swift in Sources */,
				1D7108FC2F9895CA00E15C61 /* PetInfoCardContainerView.swift in Sources */,
				ECF5781B2E63F83C00F5959F /* AppDelegate.swift in Sources */,
				EC4E069E2E62F5AC002B6904 /* ListViewController.swift in Sources */,
				1D8AD1AF2F850C36005026DC /* CategoryItem.swift in Sources */,
				1D8AD1B12F850C54005026DC /* CategoryItemViewModel.swift in Sources */,
				ECDB413B2ED4C27300AEB3FB /* AnimalEnum.swift in Sources */,
				1D3630772F188FBE0071D131 /* FontGroup.swift in Sources */,
				1DAFC57B2F2CB453009369E1 /* StrayAnimalListQuery.swift in Sources */,
				1D67ABD02F8CEB2B00EFBEC6 /* PetInformationViewModel.swift in Sources */,
				1D6CFD922F752B58004ADF0E /* LoadingView.swift in Sources */,
				1D91FA6E2F975EEE0071E8B3 /* InfoCardView.swift in Sources */,
				1D6CFD952F753656004ADF0E /* PetInformationViewController.swift in Sources */,
				1D3630792F188FBE0071D131 /* LocalizedHelper.swift in Sources */,
				1D7108F82F9884DA00E15C61 /* BottomActionView.swift in Sources */,
				1D71A8472F1F6C8C00C9149C /* WebServiceHelper.swift in Sources */,
				1D6CFD902F751C3A004ADF0E /* UIScreen.swift in Sources */,
				1D7099922F8F7EA9009C4B4A /* PetInformationViewData.swift in Sources */,
				1D91FA762F976A790071E8B3 /* InfoRowView.swift in Sources */,
				1DAFC5772F2CA748009369E1 /* APIEndpoint.swift in Sources */,
				1D7108F62F986AD300E15C61 /* IconTitleValueView.swift in Sources */,
				1DAFC5732F2CA32B009369E1 /* EnvironmentManager.swift in Sources */,
				1DAFC5702F2CA2D7009369E1 /* APIEnvironment.swift in Sources */,
				1D6F54782F724320005DA616 /* ReusableView.swift in Sources */,
				1DAFC5752F2CA40C009369E1 /* ServiceHost.swift in Sources */,
				1D6F547E2F725F2F005DA616 /* UITableView.swift in Sources */,
				1D6F54802F726026005DA616 /* UICollectionView.swift in Sources */,
				1D36308C2F188FC60071D131 /* UIImage.swift in Sources */,
				ECFC6B462F2D379600DC583E /* RequestBuilder.swift in Sources */,
				ECFC6B482F2F11E100DC583E /* JSONDecoder.swift in Sources */,
				1D6EA5532F90DCD200E3FA63 /* BadgeLabel.swift in Sources */,
				1D36308D2F188FC60071D131 /* UILabel.swift in Sources */,
				1D6FA32D2F6400C30075D942 /* ImageLoader.swift in Sources */,
				1D3630902F188FC60071D131 /* UIViewController.swift in Sources */,
				1D36307B2F188FBE0071D131 /* WebService.swift in Sources */,
				ECDB41382ED4437A00AEB3FB /* PetData.swift in Sources */,
				ECF5781C2E63F83E00F5959F /* SceneDelegate.swift in Sources */,
				EC2E9EDD2EF93797002F1E1B /* PetListItem.swift in Sources */,
				1D6F547C2F725AED005DA616 /* UICollectionViewCell.swift in Sources */,
				1D91FA782F977E510071E8B3 /* InfoColumnView.swift in Sources */,
				1D7108FE2F98A4E000E15C61 /* NoteCardView.swift in Sources */,
				1D6F54822F729380005DA616 /* PetListItemViewModel.swift in Sources */,
				1D7108FA2F98862800E15C61 /* ShelterCardView.swift in Sources */,
				1D8AD1B52F8639A6005026DC /* MockLoader.swift in Sources */,
				1DAFC5792F2CA9A6009369E1 /* URLFactory.swift in Sources */,
				EC2E9EDB2EF9360B002F1E1B /* ListViewModel.swift in Sources */,
				1D6F547A2F725A72005DA616 /* UITableViewCell.swift in Sources */,
				1D6EA5512F90D6F200E3FA63 /* SummaryCardView.swift in Sources */,
			);
			runOnlyForDeploymentPostprocessing = 0;
		};
/* End PBXSourcesBuildPhase section */

/* Begin PBXVariantGroup section */
		1D36306D2F188F210071D131 /* Localizable.strings */ = {
			isa = PBXVariantGroup;
			children = (
				1D36306E2F188F210071D131 /* zh-Hant */,
				1D3630702F188F6A0071D131 /* en */,
			);
			name = Localizable.strings;
			sourceTree = "<group>";
		};
		EC4E06A42E62F5AD002B6904 /* LaunchScreen.storyboard */ = {
			isa = PBXVariantGroup;
			children = (
				EC4E06A52E62F5AD002B6904 /* Base */,
				1D36306C2F188D0D0071D131 /* zh-Hant */,
			);
			name = LaunchScreen.storyboard;
			sourceTree = "<group>";
		};
/* End PBXVariantGroup section */

/* Begin XCBuildConfiguration section */
		EC4E06A82E62F5AD002B6904 /* Debug */ = {
			isa = XCBuildConfiguration;
			buildSettings = {
				ALWAYS_SEARCH_USER_PATHS = NO;
				ASSETCATALOG_COMPILER_GENERATE_SWIFT_ASSET_SYMBOL_EXTENSIONS = YES;
				CLANG_ANALYZER_LOCALIZABILITY_NONLOCALIZED = YES;
				CLANG_ANALYZER_NONNULL = YES;
				CLANG_ANALYZER_NUMBER_OBJECT_CONVERSION = YES_AGGRESSIVE;
				CLANG_CXX_LANGUAGE_STANDARD = "gnu++20";
				CLANG_ENABLE_MODULES = YES;
				CLANG_ENABLE_OBJC_ARC = YES;
				CLANG_ENABLE_OBJC_WEAK = YES;
				CLANG_WARN_BLOCK_CAPTURE_AUTORELEASING = YES;
				CLANG_WARN_BOOL_CONVERSION = YES;
				CLANG_WARN_COMMA = YES;
				CLANG_WARN_CONSTANT_CONVERSION = YES;
				CLANG_WARN_DEPRECATED_OBJC_IMPLEMENTATIONS = YES;
				CLANG_WARN_DIRECT_OBJC_ISA_USAGE = YES_ERROR;
				CLANG_WARN_DOCUMENTATION_COMMENTS = YES;
				CLANG_WARN_EMPTY_BODY = YES;
				CLANG_WARN_ENUM_CONVERSION = YES;
				CLANG_WARN_INFINITE_RECURSION = YES;
				CLANG_WARN_INT_CONVERSION = YES;
				CLANG_WARN_NON_LITERAL_NULL_CONVERSION = YES;
				CLANG_WARN_OBJC_IMPLICIT_RETAIN_SELF = YES;
				CLANG_WARN_OBJC_LITERAL_CONVERSION = YES;
				CLANG_WARN_OBJC_ROOT_CLASS = YES_ERROR;
				CLANG_WARN_QUOTED_INCLUDE_IN_FRAMEWORK_HEADER = YES;
				CLANG_WARN_RANGE_LOOP_ANALYSIS = YES;
				CLANG_WARN_STRICT_PROTOTYPES = YES;
				CLANG_WARN_SUSPICIOUS_MOVE = YES;
				CLANG_WARN_UNGUARDED_AVAILABILITY = YES_AGGRESSIVE;
				CLANG_WARN_UNREACHABLE_CODE = YES;
				CLANG_WARN__DUPLICATE_METHOD_MATCH = YES;
				COPY_PHASE_STRIP = NO;
				DEBUG_INFORMATION_FORMAT = dwarf;
				DEVELOPMENT_TEAM = BJ3K623YKW;
				ENABLE_STRICT_OBJC_MSGSEND = YES;
				ENABLE_TESTABILITY = YES;
				ENABLE_USER_SCRIPT_SANDBOXING = YES;
				GCC_C_LANGUAGE_STANDARD = gnu17;
				GCC_DYNAMIC_NO_PIC = NO;
				GCC_NO_COMMON_BLOCKS = YES;
				GCC_OPTIMIZATION_LEVEL = 0;
				GCC_PREPROCESSOR_DEFINITIONS = (
					"DEBUG=1",
					"$(inherited)",
				);
				GCC_WARN_64_TO_32_BIT_CONVERSION = YES;
				GCC_WARN_ABOUT_RETURN_TYPE = YES_ERROR;
				GCC_WARN_UNDECLARED_SELECTOR = YES;
				GCC_WARN_UNINITIALIZED_AUTOS = YES_AGGRESSIVE;
				GCC_WARN_UNUSED_FUNCTION = YES;
				GCC_WARN_UNUSED_VARIABLE = YES;
				IPHONEOS_DEPLOYMENT_TARGET = 17.5;
				LOCALIZATION_PREFERS_STRING_CATALOGS = YES;
				MTL_ENABLE_DEBUG_INFO = INCLUDE_SOURCE;
				MTL_FAST_MATH = YES;
				ONLY_ACTIVE_ARCH = YES;
				SDKROOT = iphoneos;
				SWIFT_ACTIVE_COMPILATION_CONDITIONS = "DEBUG $(inherited)";
				SWIFT_EMIT_LOC_STRINGS = YES;
				SWIFT_OPTIMIZATION_LEVEL = "-Onone";
			};
			name = Debug;
		};
		EC4E06A92E62F5AD002B6904 /* Release */ = {
			isa = XCBuildConfiguration;
			buildSettings = {
				ALWAYS_SEARCH_USER_PATHS = NO;
				ASSETCATALOG_COMPILER_GENERATE_SWIFT_ASSET_SYMBOL_EXTENSIONS = YES;
				CLANG_ANALYZER_LOCALIZABILITY_NONLOCALIZED = YES;
				CLANG_ANALYZER_NONNULL = YES;
				CLANG_ANALYZER_NUMBER_OBJECT_CONVERSION = YES_AGGRESSIVE;
				CLANG_CXX_LANGUAGE_STANDARD = "gnu++20";
				CLANG_ENABLE_MODULES = YES;
				CLANG_ENABLE_OBJC_ARC = YES;
				CLANG_ENABLE_OBJC_WEAK = YES;
				CLANG_WARN_BLOCK_CAPTURE_AUTORELEASING = YES;
				CLANG_WARN_BOOL_CONVERSION = YES;
				CLANG_WARN_COMMA = YES;
				CLANG_WARN_CONSTANT_CONVERSION = YES;
				CLANG_WARN_DEPRECATED_OBJC_IMPLEMENTATIONS = YES;
				CLANG_WARN_DIRECT_OBJC_ISA_USAGE = YES_ERROR;
				CLANG_WARN_DOCUMENTATION_COMMENTS = YES;
				CLANG_WARN_EMPTY_BODY = YES;
				CLANG_WARN_ENUM_CONVERSION = YES;
				CLANG_WARN_INFINITE_RECURSION = YES;
				CLANG_WARN_INT_CONVERSION = YES;
				CLANG_WARN_NON_LITERAL_NULL_CONVERSION = YES;
				CLANG_WARN_OBJC_IMPLICIT_RETAIN_SELF = YES;
				CLANG_WARN_OBJC_LITERAL_CONVERSION = YES;
				CLANG_WARN_OBJC_ROOT_CLASS = YES_ERROR;
				CLANG_WARN_QUOTED_INCLUDE_IN_FRAMEWORK_HEADER = YES;
				CLANG_WARN_RANGE_LOOP_ANALYSIS = YES;
				CLANG_WARN_STRICT_PROTOTYPES = YES;
				CLANG_WARN_SUSPICIOUS_MOVE = YES;
				CLANG_WARN_UNGUARDED_AVAILABILITY = YES_AGGRESSIVE;
				CLANG_WARN_UNREACHABLE_CODE = YES;
				CLANG_WARN__DUPLICATE_METHOD_MATCH = YES;
				COPY_PHASE_STRIP = NO;
				DEBUG_INFORMATION_FORMAT = "dwarf-with-dsym";
				DEVELOPMENT_TEAM = BJ3K623YKW;
				ENABLE_NS_ASSERTIONS = NO;
				ENABLE_STRICT_OBJC_MSGSEND = YES;
				ENABLE_USER_SCRIPT_SANDBOXING = YES;
				GCC_C_LANGUAGE_STANDARD = gnu17;
				GCC_NO_COMMON_BLOCKS = YES;
				GCC_WARN_64_TO_32_BIT_CONVERSION = YES;
				GCC_WARN_ABOUT_RETURN_TYPE = YES_ERROR;
				GCC_WARN_UNDECLARED_SELECTOR = YES;
				GCC_WARN_UNINITIALIZED_AUTOS = YES_AGGRESSIVE;
				GCC_WARN_UNUSED_FUNCTION = YES;
				GCC_WARN_UNUSED_VARIABLE = YES;
				IPHONEOS_DEPLOYMENT_TARGET = 17.5;
				LOCALIZATION_PREFERS_STRING_CATALOGS = YES;
				MTL_ENABLE_DEBUG_INFO = NO;
				MTL_FAST_MATH = YES;
				SDKROOT = iphoneos;
				SWIFT_COMPILATION_MODE = wholemodule;
				SWIFT_EMIT_LOC_STRINGS = YES;
				VALIDATE_PRODUCT = YES;
			};
			name = Release;
		};
		EC4E06AB2E62F5AD002B6904 /* Debug */ = {
			isa = XCBuildConfiguration;
			buildSettings = {
				APP_ENV = dev;
				ASSETCATALOG_COMPILER_APPICON_NAME = AppIcon;
				ASSETCATALOG_COMPILER_GLOBAL_ACCENT_COLOR_NAME = AccentColor;
				CODE_SIGN_IDENTITY = "Apple Development";
				CODE_SIGN_STYLE = Automatic;
				CURRENT_PROJECT_VERSION = 1;
				DEVELOPMENT_TEAM = BJ3K623YKW;
				GENERATE_INFOPLIST_FILE = YES;
				INFOPLIST_FILE = StrayAnimals/Info.plist;
				INFOPLIST_KEY_UIApplicationSupportsIndirectInputEvents = YES;
				INFOPLIST_KEY_UILaunchStoryboardName = LaunchScreen;
				INFOPLIST_KEY_UISupportedInterfaceOrientations_iPad = "UIInterfaceOrientationPortrait UIInterfaceOrientationPortraitUpsideDown UIInterfaceOrientationLandscapeLeft UIInterfaceOrientationLandscapeRight";
				INFOPLIST_KEY_UISupportedInterfaceOrientations_iPhone = "UIInterfaceOrientationPortrait UIInterfaceOrientationLandscapeLeft UIInterfaceOrientationLandscapeRight";
				IPHONEOS_DEPLOYMENT_TARGET = 15.0;
				LD_RUNPATH_SEARCH_PATHS = (
					"$(inherited)",
					"@executable_path/Frameworks",
				);
				MARKETING_VERSION = 1.0;
				PRODUCT_BUNDLE_IDENTIFIER = com.mini8.StrayAnimals;
				PRODUCT_NAME = "$(TARGET_NAME)";
				PROVISIONING_PROFILE_SPECIFIER = "";
				SWIFT_EMIT_LOC_STRINGS = YES;
				SWIFT_VERSION = 5.0;
				TARGETED_DEVICE_FAMILY = "1,2";
			};
			name = Debug;
		};
		EC4E06AC2E62F5AD002B6904 /* Release */ = {
			isa = XCBuildConfiguration;
			buildSettings = {
				APP_ENV = prod;
				ASSETCATALOG_COMPILER_APPICON_NAME = AppIcon;
				ASSETCATALOG_COMPILER_GLOBAL_ACCENT_COLOR_NAME = AccentColor;
				CODE_SIGN_IDENTITY = "Apple Development";
				CODE_SIGN_STYLE = Automatic;
				CURRENT_PROJECT_VERSION = 1;
				DEVELOPMENT_TEAM = BJ3K623YKW;
				GENERATE_INFOPLIST_FILE = YES;
				INFOPLIST_FILE = StrayAnimals/Info.plist;
				INFOPLIST_KEY_UIApplicationSupportsIndirectInputEvents = YES;
				INFOPLIST_KEY_UILaunchStoryboardName = LaunchScreen;
				INFOPLIST_KEY_UISupportedInterfaceOrientations_iPad = "UIInterfaceOrientationPortrait UIInterfaceOrientationPortraitUpsideDown UIInterfaceOrientationLandscapeLeft UIInterfaceOrientationLandscapeRight";
				INFOPLIST_KEY_UISupportedInterfaceOrientations_iPhone = "UIInterfaceOrientationPortrait UIInterfaceOrientationLandscapeLeft UIInterfaceOrientationLandscapeRight";
				IPHONEOS_DEPLOYMENT_TARGET = 15.0;
				LD_RUNPATH_SEARCH_PATHS = (
					"$(inherited)",
					"@executable_path/Frameworks",
				);
				MARKETING_VERSION = 1.0;
				PRODUCT_BUNDLE_IDENTIFIER = com.mini8.StrayAnimals;
				PRODUCT_NAME = "$(TARGET_NAME)";
				PROVISIONING_PROFILE_SPECIFIER = "";
				SWIFT_EMIT_LOC_STRINGS = YES;
				SWIFT_VERSION = 5.0;
				TARGETED_DEVICE_FAMILY = "1,2";
			};
			name = Release;
		};
/* End XCBuildConfiguration section */

/* Begin XCConfigurationList section */
		EC4E06912E62F5AC002B6904 /* Build configuration list for PBXProject "StrayAnimals" */ = {
			isa = XCConfigurationList;
			buildConfigurations = (
				EC4E06A82E62F5AD002B6904 /* Debug */,
				EC4E06A92E62F5AD002B6904 /* Release */,
			);
			defaultConfigurationIsVisible = 0;
			defaultConfigurationName = Release;
		};
		EC4E06AA2E62F5AD002B6904 /* Build configuration list for PBXNativeTarget "StrayAnimals" */ = {
			isa = XCConfigurationList;
			buildConfigurations = (
				EC4E06AB2E62F5AD002B6904 /* Debug */,
				EC4E06AC2E62F5AD002B6904 /* Release */,
			);
			defaultConfigurationIsVisible = 0;
			defaultConfigurationName = Release;
		};
/* End XCConfigurationList section */

/* Begin XCRemoteSwiftPackageReference section */
		ECDB410E2EB9E32900AEB3FB /* XCRemoteSwiftPackageReference "SnapKit" */ = {
			isa = XCRemoteSwiftPackageReference;
			repositoryURL = "https://github.com/SnapKit/SnapKit.git";
			requirement = {
				kind = upToNextMajorVersion;
				minimumVersion = 5.7.1;
			};
		};
/* End XCRemoteSwiftPackageReference section */

/* Begin XCSwiftPackageProductDependency section */
		ECDB410F2EB9E32900AEB3FB /* SnapKit */ = {
			isa = XCSwiftPackageProductDependency;
			package = ECDB410E2EB9E32900AEB3FB /* XCRemoteSwiftPackageReference "SnapKit" */;
			productName = SnapKit;
		};
/* End XCSwiftPackageProductDependency section */
	};
	rootObject = EC4E068E2E62F5AC002B6904 /* Project object */;
}
